
Microsoft Visual Studio Solution File, Format Version 12.00
# Visual Studio Version 16
VisualStudioVersion = 25.0.1705.3
MinimumVisualStudioVersion = 10.0.40219.1
Project("{FAE04EC0-301F-11D3-BF4B-00C04F79EFBC}") = "RazorSearchUsersWshop", "RazorSearchUsersWshop\RazorSearchUsersWshop.csproj", "{98015F8C-1D18-414C-B290-290FABFC3828}"
EndProject
Global
	GlobalSection(SolutionConfigurationPlatforms) = preSolution
		Debug|Any CPU = Debug|Any CPU
		Release|Any CPU = Release|Any CPU
	EndGlobalSection
	GlobalSection(ProjectConfigurationPlatforms) = postSolution
		{98015F8C-1D18-414C-B290-290FABFC3828}.Debug|Any CPU.ActiveCfg = Debug|Any CPU
		{98015F8C-1D18-414C-B290-290FABFC3828}.Debug|Any CPU.Build.0 = Debug|Any CPU
		{98015F8C-1D18-414C-B290-290FABFC3828}.Release|Any CPU.ActiveCfg = Release|Any CPU
		{98015F8C-1D18-414C-B290-290FABFC3828}.Release|Any CPU.Build.0 = Release|Any CPU
	EndGlobalSection
	GlobalSection(SolutionProperties) = preSolution
		HideSolutionNode = FALSE
	EndGlobalSection
	GlobalSection(ExtensibilityGlobals) = postSolution
		SolutionGuid = {B2661FAC-564D-453C-845F-4C044F8AD04D}
	EndGlobalSection
EndGlobal
